
Microsoft Visual Studio Solution File, Format Version 12.00
# Visual Studio 2013
VisualStudioVersion = 12.0.31101.0
MinimumVisualStudioVersion = 10.0.40219.1
Project("{FAE04EC0-301F-11D3-BF4B-00C04F79EFBC}") = "BrickOven", "BrickOven\BrickOven.csproj", "{9F907D5B-865D-4B56-9C8C-4174C54E66B2}"
EndProject
Global
	GlobalSection(SolutionConfigurationPlatforms) = preSolution
		Debug|Any CPU = Debug|Any CPU
		Release|Any CPU = Release|Any CPU
	EndGlobalSection
	GlobalSection(ProjectConfigurationPlatforms) = postSolution
		{9F907D5B-865D-4B56-9C8C-4174C54E66B2}.Debug|Any CPU.ActiveCfg = Debug|Any CPU
		{9F907D5B-865D-4B56-9C8C-4174C54E66B2}.Debug|Any CPU.Build.0 = Debug|Any CPU
		{9F907D5B-865D-4B56-9C8C-4174C54E66B2}.Release|Any CPU.ActiveCfg = Release|Any CPU
		{9F907D5B-865D-4B56-9C8C-4174C54E66B2}.Release|Any CPU.Build.0 = Release|Any CPU
	EndGlobalSection
	GlobalSection(SolutionProperties) = preSolution
		HideSolutionNode = FALSE
	EndGlobalSection
EndGlobal
